
Microsoft Visual Studio Solution File, Format Version 12.00
# Visual Studio Version 17
VisualStudioVersion = 17.10.35013.160
MinimumVisualStudioVersion = 10.0.40219.1
Project("{9A19103F-16F7-4668-BE54-9A1E7A4F7556}") = "BISoft.Ejercicios.Infraestructura", "BISoft.Ejercicios.Infraestructura\BISoft.Ejercicios.Infraestructura.csproj", "{3BF74F2F-1194-467F-90F3-DC2DDDE77FC3}"
EndProject
Project("{9A19103F-16F7-4668-BE54-9A1E7A4F7556}") = "BISoft.Ejercicios.Aplicacion", "BISoft.Ejercicios.Aplicacion\BISoft.Ejercicios.Aplicacion.csproj", "{F7C6C6D0-E0B4-40CC-A5AB-722AF3F772DA}"
EndProject
Project("{9A19103F-16F7-4668-BE54-9A1E7A4F7556}") = "BISoft.Ejercicios.Dominio", "BISoft.Ejercicios.Dominio\BISoft.Ejercicios.Dominio.csproj", "{B7E797C3-120B-483E-8461-431C2F65D562}"
EndProject
Project("{778DAE3C-4631-46EA-AA77-85C1314464D9}") = "WinFormsApp1", "WinFormsApp1\WinFormsApp1.vbproj", "{86E2197E-E23A-496F-827C-E48A9892FCE3}"
EndProject
Project("{9A19103F-16F7-4668-BE54-9A1E7A4F7556}") = "BISoft.Ejercicios.OutboxAgent", "BISoft.Ejercicios.OutboxAgent\BISoft.Ejercicios.OutboxAgent.csproj", "{04A905E5-9A3E-4D32-8DEB-E8CF80C909CC}"
EndProject
Project("{9A19103F-16F7-4668-BE54-9A1E7A4F7556}") = "BISoft.Ejercicios.Test", "BISoft.Ejercicios.Test\BISoft.Ejercicios.Test.csproj", "{BE7CA38B-11AB-4393-993D-7D22FD256C88}"
EndProject
Project("{9A19103F-16F7-4668-BE54-9A1E7A4F7556}") = "BISoft.Ejercicios.Api.Controllers", "BISoft.Ejercicios.Api.Controllers\BISoft.Ejercicios.Api.Controllers.csproj", "{0C002EE4-8F2C-475D-9F76-C08094160CB5}"
EndProject
Project("{9A19103F-16F7-4668-BE54-9A1E7A4F7556}") = "BISoft.Ejercicios.Presentacion.Infraestructura", "BISoft.Ejercicios.Presentacion.Infraestructura\BISoft.Ejercicios.Presentacion.Infraestructura.csproj", "{5BFAEE15-E0D0-4C7D-BF40-EE003134D1AA}"
EndProject
Project("{9A19103F-16F7-4668-BE54-9A1E7A4F7556}") = "BISoft.Ejercicios.Shared", "BISoft.Ejercicios.Shared\BISoft.Ejercicios.Shared.csproj", "{B51B84AC-172A-46F3-8F05-53440C5071A2}"
EndProject
Project("{2150E333-8FDC-42A3-9474-1A3956D46DE8}") = "Api", "Api", "{D46B3FF1-EBA1-4F9B-BAB2-2D7E1B3C09D6}"
EndProject
Project("{2150E333-8FDC-42A3-9474-1A3956D46DE8}") = "Presentacion", "Presentacion", "{0D83B347-725F-43A1-9258-CADAB5B0C0AA}"
EndProject
Project("{2150E333-8FDC-42A3-9474-1A3956D46DE8}") = "Test", "Test", "{75CDDE4A-B1BA-426D-BE02-96848F6F7B2C}"
EndProject
Global
	GlobalSection(SolutionConfigurationPlatforms) = preSolution
		Debug|Any CPU = Debug|Any CPU
		Release|Any CPU = Release|Any CPU
	EndGlobalSection
	GlobalSection(ProjectConfigurationPlatforms) = postSolution
		{3BF74F2F-1194-467F-90F3-DC2DDDE77FC3}.Debug|Any CPU.ActiveCfg = Debug|Any CPU
		{3BF74F2F-1194-467F-90F3-DC2DDDE77FC3}.Debug|Any CPU.Build.0 = Debug|Any CPU
		{3BF74F2F-1194-467F-90F3-DC2DDDE77FC3}.Release|Any CPU.ActiveCfg = Release|Any CPU
		{3BF74F2F-1194-467F-90F3-DC2DDDE77FC3}.Release|Any CPU.Build.0 = Release|Any CPU
		{F7C6C6D0-E0B4-40CC-A5AB-722AF3F772DA}.Debug|Any CPU.ActiveCfg = Debug|Any CPU
		{F7C6C6D0-E0B4-40CC-A5AB-722AF3F772DA}.Debug|Any CPU.Build.0 = Debug|Any CPU
		{F7C6C6D0-E0B4-40CC-A5AB-722AF3F772DA}.Release|Any CPU.ActiveCfg = Release|Any CPU
		{F7C6C6D0-E0B4-40CC-A5AB-722AF3F772DA}.Release|Any CPU.Build.0 = Release|Any CPU
		{B7E797C3-120B-483E-8461-431C2F65D562}.Debug|Any CPU.ActiveCfg = Debug|Any CPU
		{B7E797C3-120B-483E-8461-431C2F65D562}.Debug|Any CPU.Build.0 = Debug|Any CPU
		{B7E797C3-120B-483E-8461-431C2F65D562}.Release|Any CPU.ActiveCfg = Release|Any CPU
		{B7E797C3-120B-483E-8461-431C2F65D562}.Release|Any CPU.Build.0 = Release|Any CPU
		{86E2197E-E23A-496F-827C-E48A9892FCE3}.Debug|Any CPU.ActiveCfg = Debug|Any CPU
		{86E2197E-E23A-496F-827C-E48A9892FCE3}.Debug|Any CPU.Build.0 = Debug|Any CPU
		{86E2197E-E23A-496F-827C-E48A9892FCE3}.Release|Any CPU.ActiveCfg = Release|Any CPU
		{86E2197E-E23A-496F-827C-E48A9892FCE3}.Release|Any CPU.Build.0 = Release|Any CPU
		{04A905E5-9A3E-4D32-8DEB-E8CF80C909CC}.Debug|Any CPU.ActiveCfg = Debug|Any CPU
		{04A905E5-9A3E-4D32-8DEB-E8CF80C909CC}.Debug|Any CPU.Build.0 = Debug|Any CPU
		{04A905E5-9A3E-4D32-8DEB-E8CF80C909CC}.Release|Any CPU.ActiveCfg = Release|Any CPU
		{04A905E5-9A3E-4D32-8DEB-E8CF80C909CC}.Release|Any CPU.Build.0 = Release|Any CPU
		{BE7CA38B-11AB-4393-993D-7D22FD256C88}.Debug|Any CPU.ActiveCfg = Debug|Any CPU
		{BE7CA38B-11AB-4393-993D-7D22FD256C88}.Debug|Any CPU.Build.0 = Debug|Any CPU
		{BE7CA38B-11AB-4393-993D-7D22FD256C88}.Release|Any CPU.ActiveCfg = Release|Any CPU
		{BE7CA38B-11AB-4393-993D-7D22FD256C88}.Release|Any CPU.Build.0 = Release|Any CPU
		{0C002EE4-8F2C-475D-9F76-C08094160CB5}.Debug|Any CPU.ActiveCfg = Debug|Any CPU
		{0C002EE4-8F2C-475D-9F76-C08094160CB5}.Debug|Any CPU.Build.0 = Debug|Any CPU
		{0C002EE4-8F2C-475D-9F76-C08094160CB5}.Release|Any CPU.ActiveCfg = Release|Any CPU
		{0C002EE4-8F2C-475D-9F76-C08094160CB5}.Release|Any CPU.Build.0 = Release|Any CPU
		{5BFAEE15-E0D0-4C7D-BF40-EE003134D1AA}.Debug|Any CPU.ActiveCfg = Debug|Any CPU
		{5BFAEE15-E0D0-4C7D-BF40-EE003134D1AA}.Debug|Any CPU.Build.0 = Debug|Any CPU
		{5BFAEE15-E0D0-4C7D-BF40-EE003134D1AA}.Release|Any CPU.ActiveCfg = Release|Any CPU
		{5BFAEE15-E0D0-4C7D-BF40-EE003134D1AA}.Release|Any CPU.Build.0 = Release|Any CPU
		{B51B84AC-172A-46F3-8F05-53440C5071A2}.Debug|Any CPU.ActiveCfg = Debug|Any CPU
		{B51B84AC-172A-46F3-8F05-53440C5071A2}.Debug|Any CPU.Build.0 = Debug|Any CPU
		{B51B84AC-172A-46F3-8F05-53440C5071A2}.Release|Any CPU.ActiveCfg = Release|Any CPU
		{B51B84AC-172A-46F3-8F05-53440C5071A2}.Release|Any CPU.Build.0 = Release|Any CPU
	EndGlobalSection
	GlobalSection(SolutionProperties) = preSolution
		HideSolutionNode = FALSE
	EndGlobalSection
	GlobalSection(NestedProjects) = preSolution
		{3BF74F2F-1194-467F-90F3-DC2DDDE77FC3} = {D46B3FF1-EBA1-4F9B-BAB2-2D7E1B3C09D6}
		{F7C6C6D0-E0B4-40CC-A5AB-722AF3F772DA} = {D46B3FF1-EBA1-4F9B-BAB2-2D7E1B3C09D6}
		{B7E797C3-120B-483E-8461-431C2F65D562} = {D46B3FF1-EBA1-4F9B-BAB2-2D7E1B3C09D6}
		{86E2197E-E23A-496F-827C-E48A9892FCE3} = {0D83B347-725F-43A1-9258-CADAB5B0C0AA}
		{04A905E5-9A3E-4D32-8DEB-E8CF80C909CC} = {D46B3FF1-EBA1-4F9B-BAB2-2D7E1B3C09D6}
		{BE7CA38B-11AB-4393-993D-7D22FD256C88} = {75CDDE4A-B1BA-426D-BE02-96848F6F7B2C}
		{0C002EE4-8F2C-475D-9F76-C08094160CB5} = {D46B3FF1-EBA1-4F9B-BAB2-2D7E1B3C09D6}
		{5BFAEE15-E0D0-4C7D-BF40-EE003134D1AA} = {0D83B347-725F-43A1-9258-CADAB5B0C0AA}
		{B51B84AC-172A-46F3-8F05-53440C5071A2} = {D46B3FF1-EBA1-4F9B-BAB2-2D7E1B3C09D6}
	EndGlobalSection
	GlobalSection(ExtensibilityGlobals) = postSolution
		SolutionGuid = {BC1354EF-FFAC-4D98-8578-EF29DD42CD2D}
	EndGlobalSection
EndGlobal
