
Microsoft Visual Studio Solution File, Format Version 12.00
# Visual Studio Version 17
VisualStudioVersion = 17.10.35013.160
MinimumVisualStudioVersion = 10.0.40219.1
Project("{F184B08F-C81C-45F6-A57F-5ABD9991F28F}") = "BISoft.Ejercicios.Presentacion.WindowsForms", "BISoft.Ejercicios.Presentacion.WindowsForms\BISoft.Ejercicios.Presentacion.WindowsForms.vbproj", "{F452DB74-DFDA-4907-9E8B-86A3DBBF54FB}"
EndProject
Global
	GlobalSection(SolutionConfigurationPlatforms) = preSolution
		Debug|Any CPU = Debug|Any CPU
		Release|Any CPU = Release|Any CPU
	EndGlobalSection
	GlobalSection(ProjectConfigurationPlatforms) = postSolution
		{F452DB74-DFDA-4907-9E8B-86A3DBBF54FB}.Debug|Any CPU.ActiveCfg = Debug|Any CPU
		{F452DB74-DFDA-4907-9E8B-86A3DBBF54FB}.Debug|Any CPU.Build.0 = Debug|Any CPU
		{F452DB74-DFDA-4907-9E8B-86A3DBBF54FB}.Release|Any CPU.ActiveCfg = Release|Any CPU
		{F452DB74-DFDA-4907-9E8B-86A3DBBF54FB}.Release|Any CPU.Build.0 = Release|Any CPU
	EndGlobalSection
	GlobalSection(SolutionProperties) = preSolution
		HideSolutionNode = FALSE
	EndGlobalSection
	GlobalSection(ExtensibilityGlobals) = postSolution
		SolutionGuid = {BC1354EF-FFAC-4D98-8578-EF29DD42CD2D}
	EndGlobalSection
EndGlobal
